{
    "_meta": {
        "hash": {
            "sha256": "412a2077686215a1e21234eaf98f64977b13c2140eaf18fb81af27315de0d0ff"
        },
        "pipfile-spec": 6,
        "requires": {
            "python_version": "3.6.8"
        },
        "sources": [
            {
                "name": "pypi",
                "url": "https://pypi.org/simple",
                "verify_ssl": true
            }
        ]
    },
    "default": {
        "autochannel": {
            "editable": true,
            "path": "."
        },
        "discord-py": {
            "git": "https://github.com/Rapptz/discord.py",
            "ref": "bac6c2fc7b5c12c8da260578302d45e8ee2e5417"
        },
        "discord.py": {
            "git": "https://github.com/Rapptz/discord.py",
            "ref": "master"
        },
        "e1839a8": {
            "editable": true,
            "path": "."
        },
        "fakah": {
            "editable": true,
            "path": "."
        },
        "tamago": {
            "editable": true,
            "path": "."
        },
        "urllib3": {
            "hashes": [
                "sha256:753a0374df26658f99d826cfe40394a686d05985786d946fbe4165b5148f5a7c",
                "sha256:a7acd0977125325f516bda9735fa7142b909a8d01e8b2e4c8108d0984e6e0098"
            ],
            "index": "pypi",
            "version": "==1.26.5"
        }
    },
    "develop": {
        "pep8": {
            "hashes": [
                "sha256:b22cfae5db09833bb9bd7c8463b53e1a9c9b39f12e304a8d0bba729c501827ee",
                "sha256:fe249b52e20498e59e0b5c5256aa52ee99fc295b26ec9eaa85776ffdb9fe6374"
            ],
            "index": "pypi",
            "version": "==1.7.1"
        }
    }
}
